
Microsoft Visual Studio Solution File, Format Version 12.00
# Visual Studio Version 16
VisualStudioVersion = 16.0.29709.97
MinimumVisualStudioVersion = 10.0.40219.1
Project("{FAE04EC0-301F-11D3-BF4B-00C04F79EFBC}") = "Lab.22", "Lab.22\Lab.22.csproj", "{D908CCBE-05B4-40F0-9F53-95CA161FDFB4}"
EndProject
Global
	GlobalSection(SolutionConfigurationPlatforms) = preSolution
		Debug|Any CPU = Debug|Any CPU
		Release|Any CPU = Release|Any CPU
	EndGlobalSection
	GlobalSection(ProjectConfigurationPlatforms) = postSolution
		{D908CCBE-05B4-40F0-9F53-95CA161FDFB4}.Debug|Any CPU.ActiveCfg = Debug|Any CPU
		{D908CCBE-05B4-40F0-9F53-95CA161FDFB4}.Debug|Any CPU.Build.0 = Debug|Any CPU
		{D908CCBE-05B4-40F0-9F53-95CA161FDFB4}.Release|Any CPU.ActiveCfg = Release|Any CPU
		{D908CCBE-05B4-40F0-9F53-95CA161FDFB4}.Release|Any CPU.Build.0 = Release|Any CPU
	EndGlobalSection
	GlobalSection(SolutionProperties) = preSolution
		HideSolutionNode = FALSE
	EndGlobalSection
	GlobalSection(ExtensibilityGlobals) = postSolution
		SolutionGuid = {781E44DB-3246-401B-9D6F-C415BF4218BC}
	EndGlobalSection
EndGlobal
