
Microsoft Visual Studio Solution File, Format Version 12.00
# Visual Studio Version 16
VisualStudioVersion = 16.0.29709.97
MinimumVisualStudioVersion = 10.0.40219.1
Project("{FAE04EC0-301F-11D3-BF4B-00C04F79EFBC}") = "LabNumber.11", "LabNumber.11\LabNumber.11.csproj", "{66AC496A-A55C-49D7-BB02-3BAD5AE27692}"
EndProject
Global
	GlobalSection(SolutionConfigurationPlatforms) = preSolution
		Debug|Any CPU = Debug|Any CPU
		Release|Any CPU = Release|Any CPU
	EndGlobalSection
	GlobalSection(ProjectConfigurationPlatforms) = postSolution
		{66AC496A-A55C-49D7-BB02-3BAD5AE27692}.Debug|Any CPU.ActiveCfg = Debug|Any CPU
		{66AC496A-A55C-49D7-BB02-3BAD5AE27692}.Debug|Any CPU.Build.0 = Debug|Any CPU
		{66AC496A-A55C-49D7-BB02-3BAD5AE27692}.Release|Any CPU.ActiveCfg = Release|Any CPU
		{66AC496A-A55C-49D7-BB02-3BAD5AE27692}.Release|Any CPU.Build.0 = Release|Any CPU
	EndGlobalSection
	GlobalSection(SolutionProperties) = preSolution
		HideSolutionNode = FALSE
	EndGlobalSection
	GlobalSection(ExtensibilityGlobals) = postSolution
		SolutionGuid = {E41FB423-EA55-4DB9-A36C-4CBADDB67E04}
	EndGlobalSection
EndGlobal
