
Microsoft Visual Studio Solution File, Format Version 12.00
# Visual Studio Version 16
VisualStudioVersion = 16.0.29709.97
MinimumVisualStudioVersion = 10.0.40219.1
Project("{FAE04EC0-301F-11D3-BF4B-00C04F79EFBC}") = "Excercise7", "Excercise7\Excercise7.csproj", "{EB6A1663-54A0-43F6-8F89-23DFDF2FA613}"
EndProject
Global
	GlobalSection(SolutionConfigurationPlatforms) = preSolution
		Debug|Any CPU = Debug|Any CPU
		Release|Any CPU = Release|Any CPU
	EndGlobalSection
	GlobalSection(ProjectConfigurationPlatforms) = postSolution
		{EB6A1663-54A0-43F6-8F89-23DFDF2FA613}.Debug|Any CPU.ActiveCfg = Debug|Any CPU
		{EB6A1663-54A0-43F6-8F89-23DFDF2FA613}.Debug|Any CPU.Build.0 = Debug|Any CPU
		{EB6A1663-54A0-43F6-8F89-23DFDF2FA613}.Release|Any CPU.ActiveCfg = Release|Any CPU
		{EB6A1663-54A0-43F6-8F89-23DFDF2FA613}.Release|Any CPU.Build.0 = Release|Any CPU
	EndGlobalSection
	GlobalSection(SolutionProperties) = preSolution
		HideSolutionNode = FALSE
	EndGlobalSection
	GlobalSection(ExtensibilityGlobals) = postSolution
		SolutionGuid = {400E4ACE-6B51-4CF5-A529-BB1DBCAD5938}
	EndGlobalSection
EndGlobal
